
Microsoft Visual Studio Solution File, Format Version 12.00
# Visual Studio Version 16
VisualStudioVersion = 16.0.29318.209
MinimumVisualStudioVersion = 10.0.40219.1
Project("{FAE04EC0-301F-11D3-BF4B-00C04F79EFBC}") = "ProjectStatus", "ProjectStatus.csproj", "{89E41F2B-52BE-4E95-8E55-EF5A6F948113}"
EndProject
Global
	GlobalSection(SolutionConfigurationPlatforms) = preSolution
		Debug|Any CPU = Debug|Any CPU
		Release|Any CPU = Release|Any CPU
	EndGlobalSection
	GlobalSection(ProjectConfigurationPlatforms) = postSolution
		{89E41F2B-52BE-4E95-8E55-EF5A6F948113}.Debug|Any CPU.ActiveCfg = Debug|Any CPU
		{89E41F2B-52BE-4E95-8E55-EF5A6F948113}.Debug|Any CPU.Build.0 = Debug|Any CPU
		{89E41F2B-52BE-4E95-8E55-EF5A6F948113}.Release|Any CPU.ActiveCfg = Release|Any CPU
		{89E41F2B-52BE-4E95-8E55-EF5A6F948113}.Release|Any CPU.Build.0 = Release|Any CPU
	EndGlobalSection
	GlobalSection(SolutionProperties) = preSolution
		HideSolutionNode = FALSE
	EndGlobalSection
	GlobalSection(ExtensibilityGlobals) = postSolution
		SolutionGuid = {76EBBE39-AF7F-4971-AE88-BD71BA3051EC}
	EndGlobalSection
EndGlobal
